
Microsoft Visual Studio Solution File, Format Version 12.00
# Visual Studio Version 16
VisualStudioVersion = 16.0.29519.181
MinimumVisualStudioVersion = 10.0.40219.1
Project("{9A19103F-16F7-4668-BE54-9A1E7A4F7556}") = "TRueBalance", "TRueBalance\TRueBalance.csproj", "{EDDDCD91-BDFF-4F19-934D-22A031E63AE5}"
EndProject
Global
	GlobalSection(SolutionConfigurationPlatforms) = preSolution
		Debug|Any CPU = Debug|Any CPU
		Release|Any CPU = Release|Any CPU
	EndGlobalSection
	GlobalSection(ProjectConfigurationPlatforms) = postSolution
		{EDDDCD91-BDFF-4F19-934D-22A031E63AE5}.Debug|Any CPU.ActiveCfg = Debug|Any CPU
		{EDDDCD91-BDFF-4F19-934D-22A031E63AE5}.Debug|Any CPU.Build.0 = Debug|Any CPU
		{EDDDCD91-BDFF-4F19-934D-22A031E63AE5}.Release|Any CPU.ActiveCfg = Release|Any CPU
		{EDDDCD91-BDFF-4F19-934D-22A031E63AE5}.Release|Any CPU.Build.0 = Release|Any CPU
	EndGlobalSection
	GlobalSection(SolutionProperties) = preSolution
		HideSolutionNode = FALSE
	EndGlobalSection
	GlobalSection(ExtensibilityGlobals) = postSolution
		SolutionGuid = {B907BB79-85B3-4341-B6DB-88C5A9A0E9DE}
	EndGlobalSection
EndGlobal
